// !$*UTF8*$!
{
	archiveVersion = 1;
	classes = {
	};
	objectVersion = 56;
	objects = {

/* Begin PBXBuildFile section */
		F80FE2D22D7E548B00620788 /* GuidedTourManager.swift in Sources */ = {isa = PBXBuildFile; fileRef = F80FE2D12D7E548A00620788 /* GuidedTourManager.swift */; };
		F80FE2DB2D7E60AF00620788 /* HistoryVC.swift in Sources */ = {isa = PBXBuildFile; fileRef = F80FE2D92D7E60A900620788 /* HistoryVC.swift */; };
		F80FE2E12D7E60FE00620788 /* HistoryTableViewCell.swift in Sources */ = {isa = PBXBuildFile; fileRef = F80FE2DF2D7E60FE00620788 /* HistoryTableViewCell.swift */; };
		F80FE2E22D7E60FE00620788 /* HistoryTableViewCell.xib in Resources */ = {isa = PBXBuildFile; fileRef = F80FE2E02D7E60FE00620788 /* HistoryTableViewCell.xib */; };
		F839361D2D77A3DF0076746F /* LoadingDialog.swift in Sources */ = {isa = PBXBuildFile; fileRef = F839361C2D77A3DF0076746F /* LoadingDialog.swift */; };
		F893B8872D5FC394008EBA95 /* AppDelegate.swift in Sources */ = {isa = PBXBuildFile; fileRef = F893B8862D5FC394008EBA95 /* AppDelegate.swift */; };
		F893B8892D5FC394008EBA95 /* SceneDelegate.swift in Sources */ = {isa = PBXBuildFile; fileRef = F893B8882D5FC394008EBA95 /* SceneDelegate.swift */; };
		F893B88B2D5FC394008EBA95 /* HomeVC.swift in Sources */ = {isa = PBXBuildFile; fileRef = F893B88A2D5FC394008EBA95 /* HomeVC.swift */; };
		F893B88E2D5FC394008EBA95 /* Base in Resources */ = {isa = PBXBuildFile; fileRef = F893B88D2D5FC394008EBA95 /* Base */; };
		F893B8902D5FC396008EBA95 /* Assets.xcassets in Resources */ = {isa = PBXBuildFile; fileRef = F893B88F2D5FC396008EBA95 /* Assets.xcassets */; };
		F893B8932D5FC396008EBA95 /* Base in Resources */ = {isa = PBXBuildFile; fileRef = F893B8922D5FC396008EBA95 /* Base */; };
		F893B89B2D5FC3DC008EBA95 /* ImagePickerManager.swift in Sources */ = {isa = PBXBuildFile; fileRef = F893B89A2D5FC3DC008EBA95 /* ImagePickerManager.swift */; };
		F893B89D2D5FC419008EBA95 /* APIKey.swift in Sources */ = {isa = PBXBuildFile; fileRef = F893B89C2D5FC419008EBA95 /* APIKey.swift */; };
		F893B8A02D5FCB56008EBA95 /* GoogleGenerativeAI in Frameworks */ = {isa = PBXBuildFile; productRef = F893B89F2D5FCB56008EBA95 /* GoogleGenerativeAI */; };
		F893B8A42D5FCD52008EBA95 /* AI-Info.plist in Resources */ = {isa = PBXBuildFile; fileRef = F893B8A32D5FCD52008EBA95 /* AI-Info.plist */; };
/* End PBXBuildFile section */

/* Begin PBXFileReference section */
		F80FE2D12D7E548A00620788 /* GuidedTourManager.swift */ = {isa = PBXFileReference; lastKnownFileType = sourcecode.swift; path = GuidedTourManager.swift; sourceTree = "<group>"; };
		F80FE2D92D7E60A900620788 /* HistoryVC.swift */ = {isa = PBXFileReference; lastKnownFileType = sourcecode.swift; path = HistoryVC.swift; sourceTree = "<group>"; };
		F80FE2DF2D7E60FE00620788 /* HistoryTableViewCell.swift */ = {isa = PBXFileReference; lastKnownFileType = sourcecode.swift; path = HistoryTableViewCell.swift; sourceTree = "<group>"; };
		F80FE2E02D7E60FE00620788 /* HistoryTableViewCell.xib */ = {isa = PBXFileReference; lastKnownFileType = file.xib; path = HistoryTableViewCell.xib; sourceTree = "<group>"; };
		F839361C2D77A3DF0076746F /* LoadingDialog.swift */ = {isa = PBXFileReference; lastKnownFileType = sourcecode.swift; path = LoadingDialog.swift; sourceTree = "<group>"; };
		F893B8832D5FC394008EBA95 /* Derma.app */ = {isa = PBXFileReference; explicitFileType = wrapper.application; includeInIndex = 0; path = Derma.app; sourceTree = BUILT_PRODUCTS_DIR; };
		F893B8862D5FC394008EBA95 /* AppDelegate.swift */ = {isa = PBXFileReference; lastKnownFileType = sourcecode.swift; path = AppDelegate.swift; sourceTree = "<group>"; };
		F893B8882D5FC394008EBA95 /* SceneDelegate.swift */ = {isa = PBXFileReference; lastKnownFileType = sourcecode.swift; path = SceneDelegate.swift; sourceTree = "<group>"; };
		F893B88A2D5FC394008EBA95 /* HomeVC.swift */ = {isa = PBXFileReference; lastKnownFileType = sourcecode.swift; path = HomeVC.swift; sourceTree = "<group>"; };
		F893B88D2D5FC394008EBA95 /* Base */ = {isa = PBXFileReference; lastKnownFileType = file.storyboard; name = Base; path = Base.lproj/Main.storyboard; sourceTree = "<group>"; };
		F893B88F2D5FC396008EBA95 /* Assets.xcassets */ = {isa = PBXFileReference; lastKnownFileType = folder.assetcatalog; path = Assets.xcassets; sourceTree = "<group>"; };
		F893B8922D5FC396008EBA95 /* Base */ = {isa = PBXFileReference; lastKnownFileType = file.storyboard; name = Base; path = Base.lproj/LaunchScreen.storyboard; sourceTree = "<group>"; };
		F893B8942D5FC396008EBA95 /* Info.plist */ = {isa = PBXFileReference; lastKnownFileType = text.plist.xml; path = Info.plist; sourceTree = "<group>"; };
		F893B89A2D5FC3DC008EBA95 /* ImagePickerManager.swift */ = {isa = PBXFileReference; lastKnownFileType = sourcecode.swift; path = ImagePickerManager.swift; sourceTree = "<group>"; };
		F893B89C2D5FC419008EBA95 /* APIKey.swift */ = {isa = PBXFileReference; lastKnownFileType = sourcecode.swift; path = APIKey.swift; sourceTree = "<group>"; };
		F893B8A32D5FCD52008EBA95 /* AI-Info.plist */ = {isa = PBXFileReference; lastKnownFileType = text.plist.xml; path = "AI-Info.plist"; sourceTree = "<group>"; };
/* End PBXFileReference section */

/* Begin PBXFrameworksBuildPhase section */
		F893B8802D5FC394008EBA95 /* Frameworks */ = {
			isa = PBXFrameworksBuildPhase;
			buildActionMask = 2147483647;
			files = (
				F893B8A02D5FCB56008EBA95 /* GoogleGenerativeAI in Frameworks */,
			);
			runOnlyForDeploymentPostprocessing = 0;
		};
/* End PBXFrameworksBuildPhase section */

/* Begin PBXGroup section */
		F80FE2D32D7E5FDB00620788 /* Helper */ = {
			isa = PBXGroup;
			children = (
				F893B89C2D5FC419008EBA95 /* APIKey.swift */,
				F893B89A2D5FC3DC008EBA95 /* ImagePickerManager.swift */,
				F80FE2D12D7E548A00620788 /* GuidedTourManager.swift */,
				F839361C2D77A3DF0076746F /* LoadingDialog.swift */,
			);
			path = Helper;
			sourceTree = "<group>";
		};
		F80FE2D42D7E5FEB00620788 /* AppDeleaget */ = {
			isa = PBXGroup;
			children = (
				F893B8862D5FC394008EBA95 /* AppDelegate.swift */,
				F893B8882D5FC394008EBA95 /* SceneDelegate.swift */,
			);
			path = AppDeleaget;
			sourceTree = "<group>";
		};
		F80FE2D52D7E602B00620788 /* Home */ = {
			isa = PBXGroup;
			children = (
				F893B88A2D5FC394008EBA95 /* HomeVC.swift */,
			);
			path = Home;
			sourceTree = "<group>";
		};
		F80FE2DD2D7E60D900620788 /* History */ = {
			isa = PBXGroup;
			children = (
				F80FE2DE2D7E60E400620788 /* Cell */,
				F80FE2D92D7E60A900620788 /* HistoryVC.swift */,
			);
			path = History;
			sourceTree = "<group>";
		};
		F80FE2DE2D7E60E400620788 /* Cell */ = {
			isa = PBXGroup;
			children = (
				F80FE2DF2D7E60FE00620788 /* HistoryTableViewCell.swift */,
				F80FE2E02D7E60FE00620788 /* HistoryTableViewCell.xib */,
			);
			path = Cell;
			sourceTree = "<group>";
		};
		F893B87A2D5FC394008EBA95 = {
			isa = PBXGroup;
			children = (
				F893B8852D5FC394008EBA95 /* Derma */,
				F893B8842D5FC394008EBA95 /* Products */,
			);
			sourceTree = "<group>";
		};
		F893B8842D5FC394008EBA95 /* Products */ = {
			isa = PBXGroup;
			children = (
				F893B8832D5FC394008EBA95 /* Derma.app */,
			);
			name = Products;
			sourceTree = "<group>";
		};
		F893B8852D5FC394008EBA95 /* Derma */ = {
			isa = PBXGroup;
			children = (
				F80FE2DD2D7E60D900620788 /* History */,
				F80FE2D42D7E5FEB00620788 /* AppDeleaget */,
				F80FE2D52D7E602B00620788 /* Home */,
				F80FE2D32D7E5FDB00620788 /* Helper */,
				F893B8A32D5FCD52008EBA95 /* AI-Info.plist */,
				F893B88C2D5FC394008EBA95 /* Main.storyboard */,
				F893B88F2D5FC396008EBA95 /* Assets.xcassets */,
				F893B8912D5FC396008EBA95 /* LaunchScreen.storyboard */,
				F893B8942D5FC396008EBA95 /* Info.plist */,
			);
			path = Derma;
			sourceTree = "<group>";
		};
/* End PBXGroup section */

/* Begin PBXNativeTarget section */
		F893B8822D5FC394008EBA95 /* Derma */ = {
			isa = PBXNativeTarget;
			buildConfigurationList = F893B8972D5FC396008EBA95 /* Build configuration list for PBXNativeTarget "Derma" */;
			buildPhases = (
				F893B87F2D5FC394008EBA95 /* Sources */,
				F893B8802D5FC394008EBA95 /* Frameworks */,
				F893B8812D5FC394008EBA95 /* Resources */,
			);
			buildRules = (
			);
			dependencies = (
			);
			name = Derma;
			packageProductDependencies = (
				F893B89F2D5FCB56008EBA95 /* GoogleGenerativeAI */,
			);
			productName = Derma;
			productReference = F893B8832D5FC394008EBA95 /* Derma.app */;
			productType = "com.apple.product-type.application";
		};
/* End PBXNativeTarget section */

/* Begin PBXProject section */
		F893B87B2D5FC394008EBA95 /* Project object */ = {
			isa = PBXProject;
			attributes = {
				BuildIndependentTargetsInParallel = 1;
				LastSwiftUpdateCheck = 1540;
				LastUpgradeCheck = 1540;
				TargetAttributes = {
					F893B8822D5FC394008EBA95 = {
						CreatedOnToolsVersion = 15.4;
					};
				};
			};
			buildConfigurationList = F893B87E2D5FC394008EBA95 /* Build configuration list for PBXProject "Derma" */;
			compatibilityVersion = "Xcode 14.0";
			developmentRegion = en;
			hasScannedForEncodings = 0;
			knownRegions = (
				en,
				Base,
			);
			mainGroup = F893B87A2D5FC394008EBA95;
			packageReferences = (
				F893B89E2D5FCB56008EBA95 /* XCRemoteSwiftPackageReference "generative-ai-swift" */,
			);
			productRefGroup = F893B8842D5FC394008EBA95 /* Products */;
			projectDirPath = "";
			projectRoot = "";
			targets = (
				F893B8822D5FC394008EBA95 /* Derma */,
			);
		};
/* End PBXProject section */

/* Begin PBXResourcesBuildPhase section */
		F893B8812D5FC394008EBA95 /* Resources */ = {
			isa = PBXResourcesBuildPhase;
			buildActionMask = 2147483647;
			files = (
				F893B8902D5FC396008EBA95 /* Assets.xcassets in Resources */,
				F80FE2E22D7E60FE00620788 /* HistoryTableViewCell.xib in Resources */,
				F893B8932D5FC396008EBA95 /* Base in Resources */,
				F893B8A42D5FCD52008EBA95 /* AI-Info.plist in Resources */,
				F893B88E2D5FC394008EBA95 /* Base in Resources */,
			);
			runOnlyForDeploymentPostprocessing = 0;
		};
/* End PBXResourcesBuildPhase section */

/* Begin PBXSourcesBuildPhase section */
		F893B87F2D5FC394008EBA95 /* Sources */ = {
			isa = PBXSourcesBuildPhase;
			buildActionMask = 2147483647;
			files = (
				F80FE2E12D7E60FE00620788 /* HistoryTableViewCell.swift in Sources */,
				F80FE2D22D7E548B00620788 /* GuidedTourManager.swift in Sources */,
				F893B88B2D5FC394008EBA95 /* HomeVC.swift in Sources */,
				F893B89B2D5FC3DC008EBA95 /* ImagePickerManager.swift in Sources */,
				F893B8872D5FC394008EBA95 /* AppDelegate.swift in Sources */,
				F893B89D2D5FC419008EBA95 /* APIKey.swift in Sources */,
				F80FE2DB2D7E60AF00620788 /* HistoryVC.swift in Sources */,
				F839361D2D77A3DF0076746F /* LoadingDialog.swift in Sources */,
				F893B8892D5FC394008EBA95 /* SceneDelegate.swift in Sources */,
			);
			runOnlyForDeploymentPostprocessing = 0;
		};
/* End PBXSourcesBuildPhase section */

/* Begin PBXVariantGroup section */
		F893B88C2D5FC394008EBA95 /* Main.storyboard */ = {
			isa = PBXVariantGroup;
			children = (
				F893B88D2D5FC394008EBA95 /* Base */,
			);
			name = Main.storyboard;
			sourceTree = "<group>";
		};
		F893B8912D5FC396008EBA95 /* LaunchScreen.storyboard */ = {
			isa = PBXVariantGroup;
			children = (
				F893B8922D5FC396008EBA95 /* Base */,
			);
			name = LaunchScreen.storyboard;
			sourceTree = "<group>";
		};
/* End PBXVariantGroup section */

/* Begin XCBuildConfiguration section */
		F893B8952D5FC396008EBA95 /* Debug */ = {
			isa = XCBuildConfiguration;
			buildSettings = {
				ALWAYS_SEARCH_USER_PATHS = NO;
				ASSETCATALOG_COMPILER_GENERATE_SWIFT_ASSET_SYMBOL_EXTENSIONS = YES;
				CLANG_ANALYZER_NONNULL = YES;
				CLANG_ANALYZER_NUMBER_OBJECT_CONVERSION = YES_AGGRESSIVE;
				CLANG_CXX_LANGUAGE_STANDARD = "gnu++20";
				CLANG_ENABLE_MODULES = YES;
				CLANG_ENABLE_OBJC_ARC = YES;
				CLANG_ENABLE_OBJC_WEAK = YES;
				CLANG_WARN_BLOCK_CAPTURE_AUTORELEASING = YES;
				CLANG_WARN_BOOL_CONVERSION = YES;
				CLANG_WARN_COMMA = YES;
				CLANG_WARN_CONSTANT_CONVERSION = YES;
				CLANG_WARN_DEPRECATED_OBJC_IMPLEMENTATIONS = YES;
				CLANG_WARN_DIRECT_OBJC_ISA_USAGE = YES_ERROR;
				CLANG_WARN_DOCUMENTATION_COMMENTS = YES;
				CLANG_WARN_EMPTY_BODY = YES;
				CLANG_WARN_ENUM_CONVERSION = YES;
				CLANG_WARN_INFINITE_RECURSION = YES;
				CLANG_WARN_INT_CONVERSION = YES;
				CLANG_WARN_NON_LITERAL_NULL_CONVERSION = YES;
				CLANG_WARN_OBJC_IMPLICIT_RETAIN_SELF = YES;
				CLANG_WARN_OBJC_LITERAL_CONVERSION = YES;
				CLANG_WARN_OBJC_ROOT_CLASS = YES_ERROR;
				CLANG_WARN_QUOTED_INCLUDE_IN_FRAMEWORK_HEADER = YES;
				CLANG_WARN_RANGE_LOOP_ANALYSIS = YES;
				CLANG_WARN_STRICT_PROTOTYPES = YES;
				CLANG_WARN_SUSPICIOUS_MOVE = YES;
				CLANG_WARN_UNGUARDED_AVAILABILITY = YES_AGGRESSIVE;
				CLANG_WARN_UNREACHABLE_CODE = YES;
				CLANG_WARN__DUPLICATE_METHOD_MATCH = YES;
				COPY_PHASE_STRIP = NO;
				DEBUG_INFORMATION_FORMAT = dwarf;
				ENABLE_STRICT_OBJC_MSGSEND = YES;
				ENABLE_TESTABILITY = YES;
				ENABLE_USER_SCRIPT_SANDBOXING = YES;
				GCC_C_LANGUAGE_STANDARD = gnu17;
				GCC_DYNAMIC_NO_PIC = NO;
				GCC_NO_COMMON_BLOCKS = YES;
				GCC_OPTIMIZATION_LEVEL = 0;
				GCC_PREPROCESSOR_DEFINITIONS = (
					"DEBUG=1",
					"$(inherited)",
				);
				GCC_WARN_64_TO_32_BIT_CONVERSION = YES;
				GCC_WARN_ABOUT_RETURN_TYPE = YES_ERROR;
				GCC_WARN_UNDECLARED_SELECTOR = YES;
				GCC_WARN_UNINITIALIZED_AUTOS = YES_AGGRESSIVE;
				GCC_WARN_UNUSED_FUNCTION = YES;
				GCC_WARN_UNUSED_VARIABLE = YES;
				IPHONEOS_DEPLOYMENT_TARGET = 17.5;
				LOCALIZATION_PREFERS_STRING_CATALOGS = YES;
				MTL_ENABLE_DEBUG_INFO = INCLUDE_SOURCE;
				MTL_FAST_MATH = YES;
				ONLY_ACTIVE_ARCH = YES;
				SDKROOT = iphoneos;
				SWIFT_ACTIVE_COMPILATION_CONDITIONS = "DEBUG $(inherited)";
				SWIFT_OPTIMIZATION_LEVEL = "-Onone";
			};
			name = Debug;
		};
		F893B8962D5FC396008EBA95 /* Release */ = {
			isa = XCBuildConfiguration;
			buildSettings = {
				ALWAYS_SEARCH_USER_PATHS = NO;
				ASSETCATALOG_COMPILER_GENERATE_SWIFT_ASSET_SYMBOL_EXTENSIONS = YES;
				CLANG_ANALYZER_NONNULL = YES;
				CLANG_ANALYZER_NUMBER_OBJECT_CONVERSION = YES_AGGRESSIVE;
				CLANG_CXX_LANGUAGE_STANDARD = "gnu++20";
				CLANG_ENABLE_MODULES = YES;
				CLANG_ENABLE_OBJC_ARC = YES;
				CLANG_ENABLE_OBJC_WEAK = YES;
				CLANG_WARN_BLOCK_CAPTURE_AUTORELEASING = YES;
				CLANG_WARN_BOOL_CONVERSION = YES;
				CLANG_WARN_COMMA = YES;
				CLANG_WARN_CONSTANT_CONVERSION = YES;
				CLANG_WARN_DEPRECATED_OBJC_IMPLEMENTATIONS = YES;
				CLANG_WARN_DIRECT_OBJC_ISA_USAGE = YES_ERROR;
				CLANG_WARN_DOCUMENTATION_COMMENTS = YES;
				CLANG_WARN_EMPTY_BODY = YES;
				CLANG_WARN_ENUM_CONVERSION = YES;
				CLANG_WARN_INFINITE_RECURSION = YES;
				CLANG_WARN_INT_CONVERSION = YES;
				CLANG_WARN_NON_LITERAL_NULL_CONVERSION = YES;
				CLANG_WARN_OBJC_IMPLICIT_RETAIN_SELF = YES;
				CLANG_WARN_OBJC_LITERAL_CONVERSION = YES;
				CLANG_WARN_OBJC_ROOT_CLASS = YES_ERROR;
				CLANG_WARN_QUOTED_INCLUDE_IN_FRAMEWORK_HEADER = YES;
				CLANG_WARN_RANGE_LOOP_ANALYSIS = YES;
				CLANG_WARN_STRICT_PROTOTYPES = YES;
				CLANG_WARN_SUSPICIOUS_MOVE = YES;
				CLANG_WARN_UNGUARDED_AVAILABILITY = YES_AGGRESSIVE;
				CLANG_WARN_UNREACHABLE_CODE = YES;
				CLANG_WARN__DUPLICATE_METHOD_MATCH = YES;
				COPY_PHASE_STRIP = NO;
				DEBUG_INFORMATION_FORMAT = "dwarf-with-dsym";
				ENABLE_NS_ASSERTIONS = NO;
				ENABLE_STRICT_OBJC_MSGSEND = YES;
				ENABLE_USER_SCRIPT_SANDBOXING = YES;
				GCC_C_LANGUAGE_STANDARD = gnu17;
				GCC_NO_COMMON_BLOCKS = YES;
				GCC_WARN_64_TO_32_BIT_CONVERSION = YES;
				GCC_WARN_ABOUT_RETURN_TYPE = YES_ERROR;
				GCC_WARN_UNDECLARED_SELECTOR = YES;
				GCC_WARN_UNINITIALIZED_AUTOS = YES_AGGRESSIVE;
				GCC_WARN_UNUSED_FUNCTION = YES;
				GCC_WARN_UNUSED_VARIABLE = YES;
				IPHONEOS_DEPLOYMENT_TARGET = 17.5;
				LOCALIZATION_PREFERS_STRING_CATALOGS = YES;
				MTL_ENABLE_DEBUG_INFO = NO;
				MTL_FAST_MATH = YES;
				SDKROOT = iphoneos;
				SWIFT_COMPILATION_MODE = wholemodule;
				VALIDATE_PRODUCT = YES;
			};
			name = Release;
		};
		F893B8982D5FC396008EBA95 /* Debug */ = {
			isa = XCBuildConfiguration;
			buildSettings = {
				ASSETCATALOG_COMPILER_APPICON_NAME = AppIcon;
				ASSETCATALOG_COMPILER_GLOBAL_ACCENT_COLOR_NAME = AccentColor;
				CODE_SIGN_STYLE = Automatic;
				CURRENT_PROJECT_VERSION = 1;
				GENERATE_INFOPLIST_FILE = YES;
				INFOPLIST_FILE = Derma/Info.plist;
				INFOPLIST_KEY_UIApplicationSupportsIndirectInputEvents = YES;
				INFOPLIST_KEY_UILaunchStoryboardName = LaunchScreen;
				INFOPLIST_KEY_UIMainStoryboardFile = Main;
				INFOPLIST_KEY_UISupportedInterfaceOrientations_iPad = "UIInterfaceOrientationPortrait UIInterfaceOrientationPortraitUpsideDown UIInterfaceOrientationLandscapeLeft UIInterfaceOrientationLandscapeRight";
				INFOPLIST_KEY_UISupportedInterfaceOrientations_iPhone = "UIInterfaceOrientationPortrait UIInterfaceOrientationLandscapeLeft UIInterfaceOrientationLandscapeRight";
				LD_RUNPATH_SEARCH_PATHS = (
					"$(inherited)",
					"@executable_path/Frameworks",
				);
				MARKETING_VERSION = 1.0;
				PRODUCT_BUNDLE_IDENTIFIER = com.Derma;
				PRODUCT_NAME = "$(TARGET_NAME)";
				SWIFT_EMIT_LOC_STRINGS = YES;
				SWIFT_VERSION = 5.0;
				TARGETED_DEVICE_FAMILY = "1,2";
			};
			name = Debug;
		};
		F893B8992D5FC396008EBA95 /* Release */ = {
			isa = XCBuildConfiguration;
			buildSettings = {
				ASSETCATALOG_COMPILER_APPICON_NAME = AppIcon;
				ASSETCATALOG_COMPILER_GLOBAL_ACCENT_COLOR_NAME = AccentColor;
				CODE_SIGN_STYLE = Automatic;
				CURRENT_PROJECT_VERSION = 1;
				GENERATE_INFOPLIST_FILE = YES;
				INFOPLIST_FILE = Derma/Info.plist;
				INFOPLIST_KEY_UIApplicationSupportsIndirectInputEvents = YES;
				INFOPLIST_KEY_UILaunchStoryboardName = LaunchScreen;
				INFOPLIST_KEY_UIMainStoryboardFile = Main;
				INFOPLIST_KEY_UISupportedInterfaceOrientations_iPad = "UIInterfaceOrientationPortrait UIInterfaceOrientationPortraitUpsideDown UIInterfaceOrientationLandscapeLeft UIInterfaceOrientationLandscapeRight";
				INFOPLIST_KEY_UISupportedInterfaceOrientations_iPhone = "UIInterfaceOrientationPortrait UIInterfaceOrientationLandscapeLeft UIInterfaceOrientationLandscapeRight";
				LD_RUNPATH_SEARCH_PATHS = (
					"$(inherited)",
					"@executable_path/Frameworks",
				);
				MARKETING_VERSION = 1.0;
				PRODUCT_BUNDLE_IDENTIFIER = com.Derma;
				PRODUCT_NAME = "$(TARGET_NAME)";
				SWIFT_EMIT_LOC_STRINGS = YES;
				SWIFT_VERSION = 5.0;
				TARGETED_DEVICE_FAMILY = "1,2";
			};
			name = Release;
		};
/* End XCBuildConfiguration section */

/* Begin XCConfigurationList section */
		F893B87E2D5FC394008EBA95 /* Build configuration list for PBXProject "Derma" */ = {
			isa = XCConfigurationList;
			buildConfigurations = (
				F893B8952D5FC396008EBA95 /* Debug */,
				F893B8962D5FC396008EBA95 /* Release */,
			);
			defaultConfigurationIsVisible = 0;
			defaultConfigurationName = Release;
		};
		F893B8972D5FC396008EBA95 /* Build configuration list for PBXNativeTarget "Derma" */ = {
			isa = XCConfigurationList;
			buildConfigurations = (
				F893B8982D5FC396008EBA95 /* Debug */,
				F893B8992D5FC396008EBA95 /* Release */,
			);
			defaultConfigurationIsVisible = 0;
			defaultConfigurationName = Release;
		};
/* End XCConfigurationList section */

/* Begin XCRemoteSwiftPackageReference section */
		F893B89E2D5FCB56008EBA95 /* XCRemoteSwiftPackageReference "generative-ai-swift" */ = {
			isa = XCRemoteSwiftPackageReference;
			repositoryURL = "https://github.com/google-gemini/generative-ai-swift";
			requirement = {
				kind = upToNextMajorVersion;
				minimumVersion = 0.5.6;
			};
		};
/* End XCRemoteSwiftPackageReference section */

/* Begin XCSwiftPackageProductDependency section */
		F893B89F2D5FCB56008EBA95 /* GoogleGenerativeAI */ = {
			isa = XCSwiftPackageProductDependency;
			package = F893B89E2D5FCB56008EBA95 /* XCRemoteSwiftPackageReference "generative-ai-swift" */;
			productName = GoogleGenerativeAI;
		};
/* End XCSwiftPackageProductDependency section */
	};
	rootObject = F893B87B2D5FC394008EBA95 /* Project object */;
}
